// !$*UTF8*$!
{
	archiveVersion = 1;
	classes = {
	};
	objectVersion = 50;
	objects = {

/* Begin PBXBuildFile section */
		526D9C99248782C000EAB4AE /* GoalCell.swift in Sources */ = {isa = PBXBuildFile; fileRef = 526D9C98248782C000EAB4AE /* GoalCell.swift */; };
		528EAD742488B5E700B320D5 /* GoalType.swift in Sources */ = {isa = PBXBuildFile; fileRef = 528EAD732488B5E700B320D5 /* GoalType.swift */; };
		52C2706B24866D92002495F2 /* AppDelegate.swift in Sources */ = {isa = PBXBuildFile; fileRef = 52C2706A24866D92002495F2 /* AppDelegate.swift */; };
		52C2706D24866D92002495F2 /* SceneDelegate.swift in Sources */ = {isa = PBXBuildFile; fileRef = 52C2706C24866D92002495F2 /* SceneDelegate.swift */; };
		52C2706F24866D92002495F2 /* GoalPostVC.swift in Sources */ = {isa = PBXBuildFile; fileRef = 52C2706E24866D92002495F2 /* GoalPostVC.swift */; };
		52C2707224866D92002495F2 /* Main.storyboard in Resources */ = {isa = PBXBuildFile; fileRef = 52C2707024866D92002495F2 /* Main.storyboard */; };
		52C2707524866D92002495F2 /* GoalPostApp.xcdatamodeld in Sources */ = {isa = PBXBuildFile; fileRef = 52C2707324866D92002495F2 /* GoalPostApp.xcdatamodeld */; };
		52C2707724866D99002495F2 /* Assets.xcassets in Resources */ = {isa = PBXBuildFile; fileRef = 52C2707624866D99002495F2 /* Assets.xcassets */; };
		52C2707A24866D99002495F2 /* LaunchScreen.storyboard in Resources */ = {isa = PBXBuildFile; fileRef = 52C2707824866D99002495F2 /* LaunchScreen.storyboard */; };
/* End PBXBuildFile section */

/* Begin PBXFileReference section */
		526D9C98248782C000EAB4AE /* GoalCell.swift */ = {isa = PBXFileReference; lastKnownFileType = sourcecode.swift; path = GoalCell.swift; sourceTree = "<group>"; };
		528EAD732488B5E700B320D5 /* GoalType.swift */ = {isa = PBXFileReference; lastKnownFileType = sourcecode.swift; path = GoalType.swift; sourceTree = "<group>"; };
		52C2706724866D92002495F2 /* GoalPostApp.app */ = {isa = PBXFileReference; explicitFileType = wrapper.application; includeInIndex = 0; path = GoalPostApp.app; sourceTree = BUILT_PRODUCTS_DIR; };
		52C2706A24866D92002495F2 /* AppDelegate.swift */ = {isa = PBXFileReference; lastKnownFileType = sourcecode.swift; path = AppDelegate.swift; sourceTree = "<group>"; };
		52C2706C24866D92002495F2 /* SceneDelegate.swift */ = {isa = PBXFileReference; lastKnownFileType = sourcecode.swift; path = SceneDelegate.swift; sourceTree = "<group>"; };
		52C2706E24866D92002495F2 /* GoalPostVC.swift */ = {isa = PBXFileReference; lastKnownFileType = sourcecode.swift; path = GoalPostVC.swift; sourceTree = "<group>"; };
		52C2707124866D92002495F2 /* Base */ = {isa = PBXFileReference; lastKnownFileType = file.storyboard; name = Base; path = Base.lproj/Main.storyboard; sourceTree = "<group>"; };
		52C2707424866D92002495F2 /* GoalPostApp.xcdatamodel */ = {isa = PBXFileReference; lastKnownFileType = wrapper.xcdatamodel; path = GoalPostApp.xcdatamodel; sourceTree = "<group>"; };
		52C2707624866D99002495F2 /* Assets.xcassets */ = {isa = PBXFileReference; lastKnownFileType = folder.assetcatalog; path = Assets.xcassets; sourceTree = "<group>"; };
		52C2707924866D99002495F2 /* Base */ = {isa = PBXFileReference; lastKnownFileType = file.storyboard; name = Base; path = Base.lproj/LaunchScreen.storyboard; sourceTree = "<group>"; };
		52C2707B24866D99002495F2 /* Info.plist */ = {isa = PBXFileReference; lastKnownFileType = text.plist.xml; path = Info.plist; sourceTree = "<group>"; };
/* End PBXFileReference section */

/* Begin PBXFrameworksBuildPhase section */
		52C2706424866D92002495F2 /* Frameworks */ = {
			isa = PBXFrameworksBuildPhase;
			buildActionMask = 2147483647;
			files = (
			);
			runOnlyForDeploymentPostprocessing = 0;
		};
/* End PBXFrameworksBuildPhase section */

/* Begin PBXGroup section */
		52C2705E24866D92002495F2 = {
			isa = PBXGroup;
			children = (
				52C2706924866D92002495F2 /* GoalPostApp */,
				52C2706824866D92002495F2 /* Products */,
			);
			sourceTree = "<group>";
		};
		52C2706824866D92002495F2 /* Products */ = {
			isa = PBXGroup;
			children = (
				52C2706724866D92002495F2 /* GoalPostApp.app */,
			);
			name = Products;
			sourceTree = "<group>";
		};
		52C2706924866D92002495F2 /* GoalPostApp */ = {
			isa = PBXGroup;
			children = (
				52C2708424866EAF002495F2 /* Extensions */,
				52C2708324866EA4002495F2 /* Enums */,
				52C2708224866E98002495F2 /* Views */,
				52C2708124866E85002495F2 /* Controllers */,
				52C2706A24866D92002495F2 /* AppDelegate.swift */,
				52C2706C24866D92002495F2 /* SceneDelegate.swift */,
				52C2707024866D92002495F2 /* Main.storyboard */,
				52C2707624866D99002495F2 /* Assets.xcassets */,
				52C2707824866D99002495F2 /* LaunchScreen.storyboard */,
				52C2707B24866D99002495F2 /* Info.plist */,
				52C2707324866D92002495F2 /* GoalPostApp.xcdatamodeld */,
			);
			path = GoalPostApp;
			sourceTree = "<group>";
		};
		52C2708124866E85002495F2 /* Controllers */ = {
			isa = PBXGroup;
			children = (
				52C2706E24866D92002495F2 /* GoalPostVC.swift */,
			);
			path = Controllers;
			sourceTree = "<group>";
		};
		52C2708224866E98002495F2 /* Views */ = {
			isa = PBXGroup;
			children = (
				526D9C98248782C000EAB4AE /* GoalCell.swift */,
			);
			path = Views;
			sourceTree = "<group>";
		};
		52C2708324866EA4002495F2 /* Enums */ = {
			isa = PBXGroup;
			children = (
				528EAD732488B5E700B320D5 /* GoalType.swift */,
			);
			path = Enums;
			sourceTree = "<group>";
		};
		52C2708424866EAF002495F2 /* Extensions */ = {
			isa = PBXGroup;
			children = (
			);
			path = Extensions;
			sourceTree = "<group>";
		};
/* End PBXGroup section */

/* Begin PBXNativeTarget section */
		52C2706624866D92002495F2 /* GoalPostApp */ = {
			isa = PBXNativeTarget;
			buildConfigurationList = 52C2707E24866D99002495F2 /* Build configuration list for PBXNativeTarget "GoalPostApp" */;
			buildPhases = (
				52C2706324866D92002495F2 /* Sources */,
				52C2706424866D92002495F2 /* Frameworks */,
				52C2706524866D92002495F2 /* Resources */,
			);
			buildRules = (
			);
			dependencies = (
			);
			name = GoalPostApp;
			productName = GoalPostApp;
			productReference = 52C2706724866D92002495F2 /* GoalPostApp.app */;
			productType = "com.apple.product-type.application";
		};
/* End PBXNativeTarget section */

/* Begin PBXProject section */
		52C2705F24866D92002495F2 /* Project object */ = {
			isa = PBXProject;
			attributes = {
				LastSwiftUpdateCheck = 1150;
				LastUpgradeCheck = 1150;
				ORGANIZATIONNAME = Dixit;
				TargetAttributes = {
					52C2706624866D92002495F2 = {
						CreatedOnToolsVersion = 11.5;
					};
				};
			};
			buildConfigurationList = 52C2706224866D92002495F2 /* Build configuration list for PBXProject "GoalPostApp" */;
			compatibilityVersion = "Xcode 9.3";
			developmentRegion = en;
			hasScannedForEncodings = 0;
			knownRegions = (
				en,
				Base,
			);
			mainGroup = 52C2705E24866D92002495F2;
			productRefGroup = 52C2706824866D92002495F2 /* Products */;
			projectDirPath = "";
			projectRoot = "";
			targets = (
				52C2706624866D92002495F2 /* GoalPostApp */,
			);
		};
/* End PBXProject section */

/* Begin PBXResourcesBuildPhase section */
		52C2706524866D92002495F2 /* Resources */ = {
			isa = PBXResourcesBuildPhase;
			buildActionMask = 2147483647;
			files = (
				52C2707A24866D99002495F2 /* LaunchScreen.storyboard in Resources */,
				52C2707724866D99002495F2 /* Assets.xcassets in Resources */,
				52C2707224866D92002495F2 /* Main.storyboard in Resources */,
			);
			runOnlyForDeploymentPostprocessing = 0;
		};
/* End PBXResourcesBuildPhase section */

/* Begin PBXSourcesBuildPhase section */
		52C2706324866D92002495F2 /* Sources */ = {
			isa = PBXSourcesBuildPhase;
			buildActionMask = 2147483647;
			files = (
				52C2706F24866D92002495F2 /* GoalPostVC.swift in Sources */,
				52C2706B24866D92002495F2 /* AppDelegate.swift in Sources */,
				528EAD742488B5E700B320D5 /* GoalType.swift in Sources */,
				52C2707524866D92002495F2 /* GoalPostApp.xcdatamodeld in Sources */,
				526D9C99248782C000EAB4AE /* GoalCell.swift in Sources */,
				52C2706D24866D92002495F2 /* SceneDelegate.swift in Sources */,
			);
			runOnlyForDeploymentPostprocessing = 0;
		};
/* End PBXSourcesBuildPhase section */

/* Begin PBXVariantGroup section */
		52C2707024866D92002495F2 /* Main.storyboard */ = {
			isa = PBXVariantGroup;
			children = (
				52C2707124866D92002495F2 /* Base */,
			);
			name = Main.storyboard;
			sourceTree = "<group>";
		};
		52C2707824866D99002495F2 /* LaunchScreen.storyboard */ = {
			isa = PBXVariantGroup;
			children = (
				52C2707924866D99002495F2 /* Base */,
			);
			name = LaunchScreen.storyboard;
			sourceTree = "<group>";
		};
/* End PBXVariantGroup section */

/* Begin XCBuildConfiguration section */
		52C2707C24866D99002495F2 /* Debug */ = {
			isa = XCBuildConfiguration;
			buildSettings = {
				ALWAYS_SEARCH_USER_PATHS = NO;
				CLANG_ANALYZER_NONNULL = YES;
				CLANG_ANALYZER_NUMBER_OBJECT_CONVERSION = YES_AGGRESSIVE;
				CLANG_CXX_LANGUAGE_STANDARD = "gnu++14";
				CLANG_CXX_LIBRARY = "libc++";
				CLANG_ENABLE_MODULES = YES;
				CLANG_ENABLE_OBJC_ARC = YES;
				CLANG_ENABLE_OBJC_WEAK = YES;
				CLANG_WARN_BLOCK_CAPTURE_AUTORELEASING = YES;
				CLANG_WARN_BOOL_CONVERSION = YES;
				CLANG_WARN_COMMA = YES;
				CLANG_WARN_CONSTANT_CONVERSION = YES;
				CLANG_WARN_DEPRECATED_OBJC_IMPLEMENTATIONS = YES;
				CLANG_WARN_DIRECT_OBJC_ISA_USAGE = YES_ERROR;
				CLANG_WARN_DOCUMENTATION_COMMENTS = YES;
				CLANG_WARN_EMPTY_BODY = YES;
				CLANG_WARN_ENUM_CONVERSION = YES;
				CLANG_WARN_INFINITE_RECURSION = YES;
				CLANG_WARN_INT_CONVERSION = YES;
				CLANG_WARN_NON_LITERAL_NULL_CONVERSION = YES;
				CLANG_WARN_OBJC_IMPLICIT_RETAIN_SELF = YES;
				CLANG_WARN_OBJC_LITERAL_CONVERSION = YES;
				CLANG_WARN_OBJC_ROOT_CLASS = YES_ERROR;
				CLANG_WARN_RANGE_LOOP_ANALYSIS = YES;
				CLANG_WARN_STRICT_PROTOTYPES = YES;
				CLANG_WARN_SUSPICIOUS_MOVE = YES;
				CLANG_WARN_UNGUARDED_AVAILABILITY = YES_AGGRESSIVE;
				CLANG_WARN_UNREACHABLE_CODE = YES;
				CLANG_WARN__DUPLICATE_METHOD_MATCH = YES;
				COPY_PHASE_STRIP = NO;
				DEBUG_INFORMATION_FORMAT = dwarf;
				ENABLE_STRICT_OBJC_MSGSEND = YES;
				ENABLE_TESTABILITY = YES;
				GCC_C_LANGUAGE_STANDARD = gnu11;
				GCC_DYNAMIC_NO_PIC = NO;
				GCC_NO_COMMON_BLOCKS = YES;
				GCC_OPTIMIZATION_LEVEL = 0;
				GCC_PREPROCESSOR_DEFINITIONS = (
					"DEBUG=1",
					"$(inherited)",
				);
				GCC_WARN_64_TO_32_BIT_CONVERSION = YES;
				GCC_WARN_ABOUT_RETURN_TYPE = YES_ERROR;
				GCC_WARN_UNDECLARED_SELECTOR = YES;
				GCC_WARN_UNINITIALIZED_AUTOS = YES_AGGRESSIVE;
				GCC_WARN_UNUSED_FUNCTION = YES;
				GCC_WARN_UNUSED_VARIABLE = YES;
				IPHONEOS_DEPLOYMENT_TARGET = 13.5;
				MTL_ENABLE_DEBUG_INFO = INCLUDE_SOURCE;
				MTL_FAST_MATH = YES;
				ONLY_ACTIVE_ARCH = YES;
				SDKROOT = iphoneos;
				SWIFT_ACTIVE_COMPILATION_CONDITIONS = DEBUG;
				SWIFT_OPTIMIZATION_LEVEL = "-Onone";
			};
			name = Debug;
		};
		52C2707D24866D99002495F2 /* Release */ = {
			isa = XCBuildConfiguration;
			buildSettings = {
				ALWAYS_SEARCH_USER_PATHS = NO;
				CLANG_ANALYZER_NONNULL = YES;
				CLANG_ANALYZER_NUMBER_OBJECT_CONVERSION = YES_AGGRESSIVE;
				CLANG_CXX_LANGUAGE_STANDARD = "gnu++14";
				CLANG_CXX_LIBRARY = "libc++";
				CLANG_ENABLE_MODULES = YES;
				CLANG_ENABLE_OBJC_ARC = YES;
				CLANG_ENABLE_OBJC_WEAK = YES;
				CLANG_WARN_BLOCK_CAPTURE_AUTORELEASING = YES;
				CLANG_WARN_BOOL_CONVERSION = YES;
				CLANG_WARN_COMMA = YES;
				CLANG_WARN_CONSTANT_CONVERSION = YES;
				CLANG_WARN_DEPRECATED_OBJC_IMPLEMENTATIONS = YES;
				CLANG_WARN_DIRECT_OBJC_ISA_USAGE = YES_ERROR;
				CLANG_WARN_DOCUMENTATION_COMMENTS = YES;
				CLANG_WARN_EMPTY_BODY = YES;
				CLANG_WARN_ENUM_CONVERSION = YES;
				CLANG_WARN_INFINITE_RECURSION = YES;
				CLANG_WARN_INT_CONVERSION = YES;
				CLANG_WARN_NON_LITERAL_NULL_CONVERSION = YES;
				CLANG_WARN_OBJC_IMPLICIT_RETAIN_SELF = YES;
				CLANG_WARN_OBJC_LITERAL_CONVERSION = YES;
				CLANG_WARN_OBJC_ROOT_CLASS = YES_ERROR;
				CLANG_WARN_RANGE_LOOP_ANALYSIS = YES;
				CLANG_WARN_STRICT_PROTOTYPES = YES;
				CLANG_WARN_SUSPICIOUS_MOVE = YES;
				CLANG_WARN_UNGUARDED_AVAILABILITY = YES_AGGRESSIVE;
				CLANG_WARN_UNREACHABLE_CODE = YES;
				CLANG_WARN__DUPLICATE_METHOD_MATCH = YES;
				COPY_PHASE_STRIP = NO;
				DEBUG_INFORMATION_FORMAT = "dwarf-with-dsym";
				ENABLE_NS_ASSERTIONS = NO;
				ENABLE_STRICT_OBJC_MSGSEND = YES;
				GCC_C_LANGUAGE_STANDARD = gnu11;
				GCC_NO_COMMON_BLOCKS = YES;
				GCC_WARN_64_TO_32_BIT_CONVERSION = YES;
				GCC_WARN_ABOUT_RETURN_TYPE = YES_ERROR;
				GCC_WARN_UNDECLARED_SELECTOR = YES;
				GCC_WARN_UNINITIALIZED_AUTOS = YES_AGGRESSIVE;
				GCC_WARN_UNUSED_FUNCTION = YES;
				GCC_WARN_UNUSED_VARIABLE = YES;
				IPHONEOS_DEPLOYMENT_TARGET = 13.5;
				MTL_ENABLE_DEBUG_INFO = NO;
				MTL_FAST_MATH = YES;
				SDKROOT = iphoneos;
				SWIFT_COMPILATION_MODE = wholemodule;
				SWIFT_OPTIMIZATION_LEVEL = "-O";
				VALIDATE_PRODUCT = YES;
			};
			name = Release;
		};
		52C2707F24866D99002495F2 /* Debug */ = {
			isa = XCBuildConfiguration;
			buildSettings = {
				ASSETCATALOG_COMPILER_APPICON_NAME = AppIcon;
				CODE_SIGN_STYLE = Automatic;
				DEVELOPMENT_TEAM = HJ79PVPKFZ;
				INFOPLIST_FILE = GoalPostApp/Info.plist;
				LD_RUNPATH_SEARCH_PATHS = (
					"$(inherited)",
					"@executable_path/Frameworks",
				);
				PRODUCT_BUNDLE_IDENTIFIER = neha.GoalPostApp;
				PRODUCT_NAME = "$(TARGET_NAME)";
				SWIFT_VERSION = 5.0;
				TARGETED_DEVICE_FAMILY = "1,2";
			};
			name = Debug;
		};
		52C2708024866D99002495F2 /* Release */ = {
			isa = XCBuildConfiguration;
			buildSettings = {
				ASSETCATALOG_COMPILER_APPICON_NAME = AppIcon;
				CODE_SIGN_STYLE = Automatic;
				DEVELOPMENT_TEAM = HJ79PVPKFZ;
				INFOPLIST_FILE = GoalPostApp/Info.plist;
				LD_RUNPATH_SEARCH_PATHS = (
					"$(inherited)",
					"@executable_path/Frameworks",
				);
				PRODUCT_BUNDLE_IDENTIFIER = neha.GoalPostApp;
				PRODUCT_NAME = "$(TARGET_NAME)";
				SWIFT_VERSION = 5.0;
				TARGETED_DEVICE_FAMILY = "1,2";
			};
			name = Release;
		};
/* End XCBuildConfiguration section */

/* Begin XCConfigurationList section */
		52C2706224866D92002495F2 /* Build configuration list for PBXProject "GoalPostApp" */ = {
			isa = XCConfigurationList;
			buildConfigurations = (
				52C2707C24866D99002495F2 /* Debug */,
				52C2707D24866D99002495F2 /* Release */,
			);
			defaultConfigurationIsVisible = 0;
			defaultConfigurationName = Release;
		};
		52C2707E24866D99002495F2 /* Build configuration list for PBXNativeTarget "GoalPostApp" */ = {
			isa = XCConfigurationList;
			buildConfigurations = (
				52C2707F24866D99002495F2 /* Debug */,
				52C2708024866D99002495F2 /* Release */,
			);
			defaultConfigurationIsVisible = 0;
			defaultConfigurationName = Release;
		};
/* End XCConfigurationList section */

/* Begin XCVersionGroup section */
		52C2707324866D92002495F2 /* GoalPostApp.xcdatamodeld */ = {
			isa = XCVersionGroup;
			children = (
				52C2707424866D92002495F2 /* GoalPostApp.xcdatamodel */,
			);
			currentVersion = 52C2707424866D92002495F2 /* GoalPostApp.xcdatamodel */;
			path = GoalPostApp.xcdatamodeld;
			sourceTree = "<group>";
			versionGroupType = wrapper.xcdatamodel;
		};
/* End XCVersionGroup section */
	};
	rootObject = 52C2705F24866D92002495F2 /* Project object */;
}
